
Microsoft Visual Studio Solution File, Format Version 12.00
# Visual Studio Version 17
VisualStudioVersion = 17.2.32602.215
MinimumVisualStudioVersion = 10.0.40219.1
Project("{FAE04EC0-301F-11D3-BF4B-00C04F79EFBC}") = "ExcelComparerApi", "ExcelComparerApi\ExcelComparerApi.csproj", "{692B3647-F81F-42A9-962C-2748590B1824}"
EndProject
Project("{FAE04EC0-301F-11D3-BF4B-00C04F79EFBC}") = "ExcelComparer.Domain", "ExcelComparer.Domain\ExcelComparer.Domain.csproj", "{0281117F-F6EA-4D07-ABF7-772456EA2F87}"
EndProject
Global
	GlobalSection(SolutionConfigurationPlatforms) = preSolution
		Debug|Any CPU = Debug|Any CPU
		Release|Any CPU = Release|Any CPU
	EndGlobalSection
	GlobalSection(ProjectConfigurationPlatforms) = postSolution
		{692B3647-F81F-42A9-962C-2748590B1824}.Debug|Any CPU.ActiveCfg = Debug|Any CPU
		{692B3647-F81F-42A9-962C-2748590B1824}.Debug|Any CPU.Build.0 = Debug|Any CPU
		{692B3647-F81F-42A9-962C-2748590B1824}.Release|Any CPU.ActiveCfg = Release|Any CPU
		{692B3647-F81F-42A9-962C-2748590B1824}.Release|Any CPU.Build.0 = Release|Any CPU
		{0281117F-F6EA-4D07-ABF7-772456EA2F87}.Debug|Any CPU.ActiveCfg = Debug|Any CPU
		{0281117F-F6EA-4D07-ABF7-772456EA2F87}.Debug|Any CPU.Build.0 = Debug|Any CPU
		{0281117F-F6EA-4D07-ABF7-772456EA2F87}.Release|Any CPU.ActiveCfg = Release|Any CPU
		{0281117F-F6EA-4D07-ABF7-772456EA2F87}.Release|Any CPU.Build.0 = Release|Any CPU
	EndGlobalSection
	GlobalSection(SolutionProperties) = preSolution
		HideSolutionNode = FALSE
	EndGlobalSection
	GlobalSection(ExtensibilityGlobals) = postSolution
		SolutionGuid = {CE464B33-1A79-4AD6-93A0-9E4AD1931977}
	EndGlobalSection
EndGlobal
